
Microsoft Visual Studio Solution File, Format Version 12.00
# Visual Studio 2012
VisualStudioVersion = 14.0.25123.0
MinimumVisualStudioVersion = 10.0.40219.1
Project("{FAE04EC0-301F-11D3-BF4B-00C04F79EFBC}") = "MusicNotesCodeTest.iOS", "MusicNotesCodeTest\MusicNotesCodeTest.iOS\MusicNotesCodeTest.iOS.csproj", "{B985B527-2E74-4D7E-9994-28C15ECD586E}"
EndProject
Project("{FAE04EC0-301F-11D3-BF4B-00C04F79EFBC}") = "MusicNotesCodeTest", "MusicNotesCodeTest\MusicNotesCodeTest\MusicNotesCodeTest.csproj", "{EE96068C-BD05-4B5C-AD47-5873886A9FEF}"
EndProject
Project("{FAE04EC0-301F-11D3-BF4B-00C04F79EFBC}") = "MusicNotesCodeTest.Droid", "MusicNotesCodeTest\MusicNotesCodeTest.Droid\MusicNotesCodeTest.Droid.csproj", "{918F39DA-00B4-4A87-8204-C67EE426DBA4}"
EndProject
Project("{9344BDBB-3E7F-41FC-A0DD-8665D75EE146}") = "MusicNotesCodeTest.WinPhone", "MusicNotesCodeTest\MusicNotesCodeTest.WinPhone\MusicNotesCodeTest.WinPhone.csproj", "{B820A083-FD72-4741-84E8-E307BFC6FB96}"
EndProject
Project("{9344BDBB-3E7F-41FC-A0DD-8665D75EE146}") = "MusicNotesCodeTest.UWP", "MusicNotesCodeTest\MusicNotesCodeTest.UWP\MusicNotesCodeTest.UWP.csproj", "{CF614DD7-D70A-456C-B587-136A6901979A}"
EndProject
Project("{9344BDBB-3E7F-41FC-A0DD-8665D75EE146}") = "MusicNotesCodeTest.Windows", "MusicNotesCodeTest\MusicNotesCodeTest.Windows\MusicNotesCodeTest.Windows.csproj", "{EE2277F3-C80C-4EDC-ABDE-17001CEBC874}"
EndProject
Global
	GlobalSection(SolutionConfigurationPlatforms) = preSolution
		Ad-Hoc|Any CPU = Ad-Hoc|Any CPU
		Ad-Hoc|ARM = Ad-Hoc|ARM
		Ad-Hoc|iPhone = Ad-Hoc|iPhone
		Ad-Hoc|iPhoneSimulator = Ad-Hoc|iPhoneSimulator
		Ad-Hoc|x64 = Ad-Hoc|x64
		Ad-Hoc|x86 = Ad-Hoc|x86
		AppStore|Any CPU = AppStore|Any CPU
		AppStore|ARM = AppStore|ARM
		AppStore|iPhone = AppStore|iPhone
		AppStore|iPhoneSimulator = AppStore|iPhoneSimulator
		AppStore|x64 = AppStore|x64
		AppStore|x86 = AppStore|x86
		Debug|Any CPU = Debug|Any CPU
		Debug|ARM = Debug|ARM
		Debug|iPhone = Debug|iPhone
		Debug|iPhoneSimulator = Debug|iPhoneSimulator
		Debug|x64 = Debug|x64
		Debug|x86 = Debug|x86
		Release|Any CPU = Release|Any CPU
		Release|ARM = Release|ARM
		Release|iPhone = Release|iPhone
		Release|iPhoneSimulator = Release|iPhoneSimulator
		Release|x64 = Release|x64
		Release|x86 = Release|x86
	EndGlobalSection
	GlobalSection(ProjectConfigurationPlatforms) = postSolution
		{B985B527-2E74-4D7E-9994-28C15ECD586E}.Ad-Hoc|Any CPU.ActiveCfg = Ad-Hoc|iPhone
		{B985B527-2E74-4D7E-9994-28C15ECD586E}.Ad-Hoc|ARM.ActiveCfg = Ad-Hoc|iPhone
		{B985B527-2E74-4D7E-9994-28C15ECD586E}.Ad-Hoc|iPhone.ActiveCfg = Ad-Hoc|iPhone
		{B985B527-2E74-4D7E-9994-28C15ECD586E}.Ad-Hoc|iPhone.Build.0 = Ad-Hoc|iPhone
		{B985B527-2E74-4D7E-9994-28C15ECD586E}.Ad-Hoc|iPhoneSimulator.ActiveCfg = Ad-Hoc|iPhoneSimulator
		{B985B527-2E74-4D7E-9994-28C15ECD586E}.Ad-Hoc|iPhoneSimulator.Build.0 = Ad-Hoc|iPhoneSimulator
		{B985B527-2E74-4D7E-9994-28C15ECD586E}.Ad-Hoc|x64.ActiveCfg = Ad-Hoc|iPhone
		{B985B527-2E74-4D7E-9994-28C15ECD586E}.Ad-Hoc|x86.ActiveCfg = Ad-Hoc|iPhone
		{B985B527-2E74-4D7E-9994-28C15ECD586E}.AppStore|Any CPU.ActiveCfg = AppStore|iPhone
		{B985B527-2E74-4D7E-9994-28C15ECD586E}.AppStore|ARM.ActiveCfg = AppStore|iPhone
		{B985B527-2E74-4D7E-9994-28C15ECD586E}.AppStore|iPhone.ActiveCfg = AppStore|iPhone
		{B985B527-2E74-4D7E-9994-28C15ECD586E}.AppStore|iPhone.Build.0 = AppStore|iPhone
		{B985B527-2E74-4D7E-9994-28C15ECD586E}.AppStore|iPhoneSimulator.ActiveCfg = AppStore|iPhoneSimulator
		{B985B527-2E74-4D7E-9994-28C15ECD586E}.AppStore|iPhoneSimulator.Build.0 = AppStore|iPhoneSimulator
		{B985B527-2E74-4D7E-9994-28C15ECD586E}.AppStore|x64.ActiveCfg = AppStore|iPhone
		{B985B527-2E74-4D7E-9994-28C15ECD586E}.AppStore|x86.ActiveCfg = AppStore|iPhone
		{B985B527-2E74-4D7E-9994-28C15ECD586E}.Debug|Any CPU.ActiveCfg = Debug|iPhone
		{B985B527-2E74-4D7E-9994-28C15ECD586E}.Debug|ARM.ActiveCfg = Debug|iPhone
		{B985B527-2E74-4D7E-9994-28C15ECD586E}.Debug|iPhone.ActiveCfg = Debug|iPhone
		{B985B527-2E74-4D7E-9994-28C15ECD586E}.Debug|iPhone.Build.0 = Debug|iPhone
		{B985B527-2E74-4D7E-9994-28C15ECD586E}.Debug|iPhoneSimulator.ActiveCfg = Debug|iPhoneSimulator
		{B985B527-2E74-4D7E-9994-28C15ECD586E}.Debug|iPhoneSimulator.Build.0 = Debug|iPhoneSimulator
		{B985B527-2E74-4D7E-9994-28C15ECD586E}.Debug|x64.ActiveCfg = Debug|iPhone
		{B985B527-2E74-4D7E-9994-28C15ECD586E}.Debug|x86.ActiveCfg = Debug|iPhone
		{B985B527-2E74-4D7E-9994-28C15ECD586E}.Release|Any CPU.ActiveCfg = Release|iPhone
		{B985B527-2E74-4D7E-9994-28C15ECD586E}.Release|ARM.ActiveCfg = Release|iPhone
		{B985B527-2E74-4D7E-9994-28C15ECD586E}.Release|iPhone.ActiveCfg = Release|iPhone
		{B985B527-2E74-4D7E-9994-28C15ECD586E}.Release|iPhone.Build.0 = Release|iPhone
		{B985B527-2E74-4D7E-9994-28C15ECD586E}.Release|iPhoneSimulator.ActiveCfg = Release|iPhoneSimulator
		{B985B527-2E74-4D7E-9994-28C15ECD586E}.Release|iPhoneSimulator.Build.0 = Release|iPhoneSimulator
		{B985B527-2E74-4D7E-9994-28C15ECD586E}.Release|x64.ActiveCfg = Release|iPhone
		{B985B527-2E74-4D7E-9994-28C15ECD586E}.Release|x86.ActiveCfg = Release|iPhone
		{B985B527-2E74-4D7E-9994-28C15ECD586E}.Debug|Any CPU.Build.0 = Debug|iPhone
		{EE96068C-BD05-4B5C-AD47-5873886A9FEF}.Ad-Hoc|Any CPU.ActiveCfg = Release|Any CPU
		{EE96068C-BD05-4B5C-AD47-5873886A9FEF}.Ad-Hoc|Any CPU.Build.0 = Release|Any CPU
		{EE96068C-BD05-4B5C-AD47-5873886A9FEF}.Ad-Hoc|ARM.ActiveCfg = Release|Any CPU
		{EE96068C-BD05-4B5C-AD47-5873886A9FEF}.Ad-Hoc|ARM.Build.0 = Release|Any CPU
		{EE96068C-BD05-4B5C-AD47-5873886A9FEF}.Ad-Hoc|iPhone.ActiveCfg = Release|Any CPU
		{EE96068C-BD05-4B5C-AD47-5873886A9FEF}.Ad-Hoc|iPhone.Build.0 = Release|Any CPU
		{EE96068C-BD05-4B5C-AD47-5873886A9FEF}.Ad-Hoc|iPhoneSimulator.ActiveCfg = Release|Any CPU
		{EE96068C-BD05-4B5C-AD47-5873886A9FEF}.Ad-Hoc|iPhoneSimulator.Build.0 = Release|Any CPU
		{EE96068C-BD05-4B5C-AD47-5873886A9FEF}.Ad-Hoc|x64.ActiveCfg = Release|Any CPU
		{EE96068C-BD05-4B5C-AD47-5873886A9FEF}.Ad-Hoc|x64.Build.0 = Release|Any CPU
		{EE96068C-BD05-4B5C-AD47-5873886A9FEF}.Ad-Hoc|x86.ActiveCfg = Release|Any CPU
		{EE96068C-BD05-4B5C-AD47-5873886A9FEF}.Ad-Hoc|x86.Build.0 = Release|Any CPU
		{EE96068C-BD05-4B5C-AD47-5873886A9FEF}.AppStore|Any CPU.ActiveCfg = Release|Any CPU
		{EE96068C-BD05-4B5C-AD47-5873886A9FEF}.AppStore|Any CPU.Build.0 = Release|Any CPU
		{EE96068C-BD05-4B5C-AD47-5873886A9FEF}.AppStore|ARM.ActiveCfg = Release|Any CPU
		{EE96068C-BD05-4B5C-AD47-5873886A9FEF}.AppStore|ARM.Build.0 = Release|Any CPU
		{EE96068C-BD05-4B5C-AD47-5873886A9FEF}.AppStore|iPhone.ActiveCfg = Release|Any CPU
		{EE96068C-BD05-4B5C-AD47-5873886A9FEF}.AppStore|iPhone.Build.0 = Release|Any CPU
		{EE96068C-BD05-4B5C-AD47-5873886A9FEF}.AppStore|iPhoneSimulator.ActiveCfg = Release|Any CPU
		{EE96068C-BD05-4B5C-AD47-5873886A9FEF}.AppStore|iPhoneSimulator.Build.0 = Release|Any CPU
		{EE96068C-BD05-4B5C-AD47-5873886A9FEF}.AppStore|x64.ActiveCfg = Release|Any CPU
		{EE96068C-BD05-4B5C-AD47-5873886A9FEF}.AppStore|x64.Build.0 = Release|Any CPU
		{EE96068C-BD05-4B5C-AD47-5873886A9FEF}.AppStore|x86.ActiveCfg = Release|Any CPU
		{EE96068C-BD05-4B5C-AD47-5873886A9FEF}.AppStore|x86.Build.0 = Release|Any CPU
		{EE96068C-BD05-4B5C-AD47-5873886A9FEF}.Debug|Any CPU.ActiveCfg = Debug|Any CPU
		{EE96068C-BD05-4B5C-AD47-5873886A9FEF}.Debug|Any CPU.Build.0 = Debug|Any CPU
		{EE96068C-BD05-4B5C-AD47-5873886A9FEF}.Debug|ARM.ActiveCfg = Debug|Any CPU
		{EE96068C-BD05-4B5C-AD47-5873886A9FEF}.Debug|ARM.Build.0 = Debug|Any CPU
		{EE96068C-BD05-4B5C-AD47-5873886A9FEF}.Debug|iPhone.ActiveCfg = Debug|Any CPU
		{EE96068C-BD05-4B5C-AD47-5873886A9FEF}.Debug|iPhone.Build.0 = Debug|Any CPU
		{EE96068C-BD05-4B5C-AD47-5873886A9FEF}.Debug|iPhoneSimulator.ActiveCfg = Debug|Any CPU
		{EE96068C-BD05-4B5C-AD47-5873886A9FEF}.Debug|iPhoneSimulator.Build.0 = Debug|Any CPU
		{EE96068C-BD05-4B5C-AD47-5873886A9FEF}.Debug|x64.ActiveCfg = Debug|Any CPU
		{EE96068C-BD05-4B5C-AD47-5873886A9FEF}.Debug|x64.Build.0 = Debug|Any CPU
		{EE96068C-BD05-4B5C-AD47-5873886A9FEF}.Debug|x86.ActiveCfg = Debug|Any CPU
		{EE96068C-BD05-4B5C-AD47-5873886A9FEF}.Debug|x86.Build.0 = Debug|Any CPU
		{EE96068C-BD05-4B5C-AD47-5873886A9FEF}.Release|Any CPU.ActiveCfg = Release|Any CPU
		{EE96068C-BD05-4B5C-AD47-5873886A9FEF}.Release|Any CPU.Build.0 = Release|Any CPU
		{EE96068C-BD05-4B5C-AD47-5873886A9FEF}.Release|ARM.ActiveCfg = Release|Any CPU
		{EE96068C-BD05-4B5C-AD47-5873886A9FEF}.Release|ARM.Build.0 = Release|Any CPU
		{EE96068C-BD05-4B5C-AD47-5873886A9FEF}.Release|iPhone.ActiveCfg = Release|Any CPU
		{EE96068C-BD05-4B5C-AD47-5873886A9FEF}.Release|iPhone.Build.0 = Release|Any CPU
		{EE96068C-BD05-4B5C-AD47-5873886A9FEF}.Release|iPhoneSimulator.ActiveCfg = Release|Any CPU
		{EE96068C-BD05-4B5C-AD47-5873886A9FEF}.Release|iPhoneSimulator.Build.0 = Release|Any CPU
		{EE96068C-BD05-4B5C-AD47-5873886A9FEF}.Release|x64.ActiveCfg = Release|Any CPU
		{EE96068C-BD05-4B5C-AD47-5873886A9FEF}.Release|x64.Build.0 = Release|Any CPU
		{EE96068C-BD05-4B5C-AD47-5873886A9FEF}.Release|x86.ActiveCfg = Release|Any CPU
		{EE96068C-BD05-4B5C-AD47-5873886A9FEF}.Release|x86.Build.0 = Release|Any CPU
		{918F39DA-00B4-4A87-8204-C67EE426DBA4}.Ad-Hoc|Any CPU.ActiveCfg = Release|Any CPU
		{918F39DA-00B4-4A87-8204-C67EE426DBA4}.Ad-Hoc|Any CPU.Build.0 = Release|Any CPU
		{918F39DA-00B4-4A87-8204-C67EE426DBA4}.Ad-Hoc|Any CPU.Deploy.0 = Release|Any CPU
		{918F39DA-00B4-4A87-8204-C67EE426DBA4}.Ad-Hoc|ARM.ActiveCfg = Release|Any CPU
		{918F39DA-00B4-4A87-8204-C67EE426DBA4}.Ad-Hoc|ARM.Build.0 = Release|Any CPU
		{918F39DA-00B4-4A87-8204-C67EE426DBA4}.Ad-Hoc|ARM.Deploy.0 = Release|Any CPU
		{918F39DA-00B4-4A87-8204-C67EE426DBA4}.Ad-Hoc|iPhone.ActiveCfg = Release|Any CPU
		{918F39DA-00B4-4A87-8204-C67EE426DBA4}.Ad-Hoc|iPhone.Build.0 = Release|Any CPU
		{918F39DA-00B4-4A87-8204-C67EE426DBA4}.Ad-Hoc|iPhone.Deploy.0 = Release|Any CPU
		{918F39DA-00B4-4A87-8204-C67EE426DBA4}.Ad-Hoc|iPhoneSimulator.ActiveCfg = Release|Any CPU
		{918F39DA-00B4-4A87-8204-C67EE426DBA4}.Ad-Hoc|iPhoneSimulator.Build.0 = Release|Any CPU
		{918F39DA-00B4-4A87-8204-C67EE426DBA4}.Ad-Hoc|iPhoneSimulator.Deploy.0 = Release|Any CPU
		{918F39DA-00B4-4A87-8204-C67EE426DBA4}.Ad-Hoc|x64.ActiveCfg = Release|Any CPU
		{918F39DA-00B4-4A87-8204-C67EE426DBA4}.Ad-Hoc|x64.Build.0 = Release|Any CPU
		{918F39DA-00B4-4A87-8204-C67EE426DBA4}.Ad-Hoc|x64.Deploy.0 = Release|Any CPU
		{918F39DA-00B4-4A87-8204-C67EE426DBA4}.Ad-Hoc|x86.ActiveCfg = Release|Any CPU
		{918F39DA-00B4-4A87-8204-C67EE426DBA4}.Ad-Hoc|x86.Build.0 = Release|Any CPU
		{918F39DA-00B4-4A87-8204-C67EE426DBA4}.Ad-Hoc|x86.Deploy.0 = Release|Any CPU
		{918F39DA-00B4-4A87-8204-C67EE426DBA4}.AppStore|Any CPU.ActiveCfg = Release|Any CPU
		{918F39DA-00B4-4A87-8204-C67EE426DBA4}.AppStore|Any CPU.Build.0 = Release|Any CPU
		{918F39DA-00B4-4A87-8204-C67EE426DBA4}.AppStore|Any CPU.Deploy.0 = Release|Any CPU
		{918F39DA-00B4-4A87-8204-C67EE426DBA4}.AppStore|ARM.ActiveCfg = Release|Any CPU
		{918F39DA-00B4-4A87-8204-C67EE426DBA4}.AppStore|ARM.Build.0 = Release|Any CPU
		{918F39DA-00B4-4A87-8204-C67EE426DBA4}.AppStore|ARM.Deploy.0 = Release|Any CPU
		{918F39DA-00B4-4A87-8204-C67EE426DBA4}.AppStore|iPhone.ActiveCfg = Release|Any CPU
		{918F39DA-00B4-4A87-8204-C67EE426DBA4}.AppStore|iPhone.Build.0 = Release|Any CPU
		{918F39DA-00B4-4A87-8204-C67EE426DBA4}.AppStore|iPhone.Deploy.0 = Release|Any CPU
		{918F39DA-00B4-4A87-8204-C67EE426DBA4}.AppStore|iPhoneSimulator.ActiveCfg = Release|Any CPU
		{918F39DA-00B4-4A87-8204-C67EE426DBA4}.AppStore|iPhoneSimulator.Build.0 = Release|Any CPU
		{918F39DA-00B4-4A87-8204-C67EE426DBA4}.AppStore|iPhoneSimulator.Deploy.0 = Release|Any CPU
		{918F39DA-00B4-4A87-8204-C67EE426DBA4}.AppStore|x64.ActiveCfg = Release|Any CPU
		{918F39DA-00B4-4A87-8204-C67EE426DBA4}.AppStore|x64.Build.0 = Release|Any CPU
		{918F39DA-00B4-4A87-8204-C67EE426DBA4}.AppStore|x64.Deploy.0 = Release|Any CPU
		{918F39DA-00B4-4A87-8204-C67EE426DBA4}.AppStore|x86.ActiveCfg = Release|Any CPU
		{918F39DA-00B4-4A87-8204-C67EE426DBA4}.AppStore|x86.Build.0 = Release|Any CPU
		{918F39DA-00B4-4A87-8204-C67EE426DBA4}.AppStore|x86.Deploy.0 = Release|Any CPU
		{918F39DA-00B4-4A87-8204-C67EE426DBA4}.Debug|Any CPU.ActiveCfg = Debug|Any CPU
		{918F39DA-00B4-4A87-8204-C67EE426DBA4}.Debug|Any CPU.Build.0 = Debug|Any CPU
		{918F39DA-00B4-4A87-8204-C67EE426DBA4}.Debug|Any CPU.Deploy.0 = Debug|Any CPU
		{918F39DA-00B4-4A87-8204-C67EE426DBA4}.Debug|ARM.ActiveCfg = Debug|Any CPU
		{918F39DA-00B4-4A87-8204-C67EE426DBA4}.Debug|ARM.Build.0 = Debug|Any CPU
		{918F39DA-00B4-4A87-8204-C67EE426DBA4}.Debug|ARM.Deploy.0 = Debug|Any CPU
		{918F39DA-00B4-4A87-8204-C67EE426DBA4}.Debug|iPhone.ActiveCfg = Debug|Any CPU
		{918F39DA-00B4-4A87-8204-C67EE426DBA4}.Debug|iPhone.Build.0 = Debug|Any CPU
		{918F39DA-00B4-4A87-8204-C67EE426DBA4}.Debug|iPhone.Deploy.0 = Debug|Any CPU
		{918F39DA-00B4-4A87-8204-C67EE426DBA4}.Debug|iPhoneSimulator.ActiveCfg = Debug|Any CPU
		{918F39DA-00B4-4A87-8204-C67EE426DBA4}.Debug|iPhoneSimulator.Build.0 = Debug|Any CPU
		{918F39DA-00B4-4A87-8204-C67EE426DBA4}.Debug|iPhoneSimulator.Deploy.0 = Debug|Any CPU
		{918F39DA-00B4-4A87-8204-C67EE426DBA4}.Debug|x64.ActiveCfg = Debug|Any CPU
		{918F39DA-00B4-4A87-8204-C67EE426DBA4}.Debug|x64.Build.0 = Debug|Any CPU
		{918F39DA-00B4-4A87-8204-C67EE426DBA4}.Debug|x64.Deploy.0 = Debug|Any CPU
		{918F39DA-00B4-4A87-8204-C67EE426DBA4}.Debug|x86.ActiveCfg = Debug|Any CPU
		{918F39DA-00B4-4A87-8204-C67EE426DBA4}.Debug|x86.Build.0 = Debug|Any CPU
		{918F39DA-00B4-4A87-8204-C67EE426DBA4}.Debug|x86.Deploy.0 = Debug|Any CPU
		{918F39DA-00B4-4A87-8204-C67EE426DBA4}.Release|Any CPU.ActiveCfg = Release|Any CPU
		{918F39DA-00B4-4A87-8204-C67EE426DBA4}.Release|Any CPU.Build.0 = Release|Any CPU
		{918F39DA-00B4-4A87-8204-C67EE426DBA4}.Release|Any CPU.Deploy.0 = Release|Any CPU
		{918F39DA-00B4-4A87-8204-C67EE426DBA4}.Release|ARM.ActiveCfg = Release|Any CPU
		{918F39DA-00B4-4A87-8204-C67EE426DBA4}.Release|ARM.Build.0 = Release|Any CPU
		{918F39DA-00B4-4A87-8204-C67EE426DBA4}.Release|ARM.Deploy.0 = Release|Any CPU
		{918F39DA-00B4-4A87-8204-C67EE426DBA4}.Release|iPhone.ActiveCfg = Release|Any CPU
		{918F39DA-00B4-4A87-8204-C67EE426DBA4}.Release|iPhone.Build.0 = Release|Any CPU
		{918F39DA-00B4-4A87-8204-C67EE426DBA4}.Release|iPhone.Deploy.0 = Release|Any CPU
		{918F39DA-00B4-4A87-8204-C67EE426DBA4}.Release|iPhoneSimulator.ActiveCfg = Release|Any CPU
		{918F39DA-00B4-4A87-8204-C67EE426DBA4}.Release|iPhoneSimulator.Build.0 = Release|Any CPU
		{918F39DA-00B4-4A87-8204-C67EE426DBA4}.Release|iPhoneSimulator.Deploy.0 = Release|Any CPU
		{918F39DA-00B4-4A87-8204-C67EE426DBA4}.Release|x64.ActiveCfg = Release|Any CPU
		{918F39DA-00B4-4A87-8204-C67EE426DBA4}.Release|x64.Build.0 = Release|Any CPU
		{918F39DA-00B4-4A87-8204-C67EE426DBA4}.Release|x64.Deploy.0 = Release|Any CPU
		{918F39DA-00B4-4A87-8204-C67EE426DBA4}.Release|x86.ActiveCfg = Release|Any CPU
		{918F39DA-00B4-4A87-8204-C67EE426DBA4}.Release|x86.Build.0 = Release|Any CPU
		{918F39DA-00B4-4A87-8204-C67EE426DBA4}.Release|x86.Deploy.0 = Release|Any CPU
		{B820A083-FD72-4741-84E8-E307BFC6FB96}.Ad-Hoc|Any CPU.ActiveCfg = Release|Any CPU
		{B820A083-FD72-4741-84E8-E307BFC6FB96}.Ad-Hoc|Any CPU.Build.0 = Release|Any CPU
		{B820A083-FD72-4741-84E8-E307BFC6FB96}.Ad-Hoc|Any CPU.Deploy.0 = Release|Any CPU
		{B820A083-FD72-4741-84E8-E307BFC6FB96}.Ad-Hoc|ARM.ActiveCfg = Release|ARM
		{B820A083-FD72-4741-84E8-E307BFC6FB96}.Ad-Hoc|ARM.Build.0 = Release|ARM
		{B820A083-FD72-4741-84E8-E307BFC6FB96}.Ad-Hoc|ARM.Deploy.0 = Release|ARM
		{B820A083-FD72-4741-84E8-E307BFC6FB96}.Ad-Hoc|iPhone.ActiveCfg = Release|Any CPU
		{B820A083-FD72-4741-84E8-E307BFC6FB96}.Ad-Hoc|iPhone.Build.0 = Release|Any CPU
		{B820A083-FD72-4741-84E8-E307BFC6FB96}.Ad-Hoc|iPhone.Deploy.0 = Release|Any CPU
		{B820A083-FD72-4741-84E8-E307BFC6FB96}.Ad-Hoc|iPhoneSimulator.ActiveCfg = Release|Any CPU
		{B820A083-FD72-4741-84E8-E307BFC6FB96}.Ad-Hoc|iPhoneSimulator.Build.0 = Release|Any CPU
		{B820A083-FD72-4741-84E8-E307BFC6FB96}.Ad-Hoc|iPhoneSimulator.Deploy.0 = Release|Any CPU
		{B820A083-FD72-4741-84E8-E307BFC6FB96}.Ad-Hoc|x64.ActiveCfg = Release|Any CPU
		{B820A083-FD72-4741-84E8-E307BFC6FB96}.Ad-Hoc|x64.Build.0 = Release|Any CPU
		{B820A083-FD72-4741-84E8-E307BFC6FB96}.Ad-Hoc|x64.Deploy.0 = Release|Any CPU
		{B820A083-FD72-4741-84E8-E307BFC6FB96}.Ad-Hoc|x86.ActiveCfg = Release|x86
		{B820A083-FD72-4741-84E8-E307BFC6FB96}.Ad-Hoc|x86.Build.0 = Release|x86
		{B820A083-FD72-4741-84E8-E307BFC6FB96}.Ad-Hoc|x86.Deploy.0 = Release|x86
		{B820A083-FD72-4741-84E8-E307BFC6FB96}.AppStore|Any CPU.ActiveCfg = Release|Any CPU
		{B820A083-FD72-4741-84E8-E307BFC6FB96}.AppStore|Any CPU.Build.0 = Release|Any CPU
		{B820A083-FD72-4741-84E8-E307BFC6FB96}.AppStore|Any CPU.Deploy.0 = Release|Any CPU
		{B820A083-FD72-4741-84E8-E307BFC6FB96}.AppStore|ARM.ActiveCfg = Release|ARM
		{B820A083-FD72-4741-84E8-E307BFC6FB96}.AppStore|ARM.Build.0 = Release|ARM
		{B820A083-FD72-4741-84E8-E307BFC6FB96}.AppStore|ARM.Deploy.0 = Release|ARM
		{B820A083-FD72-4741-84E8-E307BFC6FB96}.AppStore|iPhone.ActiveCfg = Release|Any CPU
		{B820A083-FD72-4741-84E8-E307BFC6FB96}.AppStore|iPhone.Build.0 = Release|Any CPU
		{B820A083-FD72-4741-84E8-E307BFC6FB96}.AppStore|iPhone.Deploy.0 = Release|Any CPU
		{B820A083-FD72-4741-84E8-E307BFC6FB96}.AppStore|iPhoneSimulator.ActiveCfg = Release|Any CPU
		{B820A083-FD72-4741-84E8-E307BFC6FB96}.AppStore|iPhoneSimulator.Build.0 = Release|Any CPU
		{B820A083-FD72-4741-84E8-E307BFC6FB96}.AppStore|iPhoneSimulator.Deploy.0 = Release|Any CPU
		{B820A083-FD72-4741-84E8-E307BFC6FB96}.AppStore|x64.ActiveCfg = Release|Any CPU
		{B820A083-FD72-4741-84E8-E307BFC6FB96}.AppStore|x64.Build.0 = Release|Any CPU
		{B820A083-FD72-4741-84E8-E307BFC6FB96}.AppStore|x64.Deploy.0 = Release|Any CPU
		{B820A083-FD72-4741-84E8-E307BFC6FB96}.AppStore|x86.ActiveCfg = Release|x86
		{B820A083-FD72-4741-84E8-E307BFC6FB96}.AppStore|x86.Build.0 = Release|x86
		{B820A083-FD72-4741-84E8-E307BFC6FB96}.AppStore|x86.Deploy.0 = Release|x86
		{B820A083-FD72-4741-84E8-E307BFC6FB96}.Debug|Any CPU.ActiveCfg = Debug|Any CPU
		{B820A083-FD72-4741-84E8-E307BFC6FB96}.Debug|Any CPU.Build.0 = Debug|Any CPU
		{B820A083-FD72-4741-84E8-E307BFC6FB96}.Debug|Any CPU.Deploy.0 = Debug|Any CPU
		{B820A083-FD72-4741-84E8-E307BFC6FB96}.Debug|ARM.ActiveCfg = Debug|ARM
		{B820A083-FD72-4741-84E8-E307BFC6FB96}.Debug|ARM.Build.0 = Debug|ARM
		{B820A083-FD72-4741-84E8-E307BFC6FB96}.Debug|ARM.Deploy.0 = Debug|ARM
		{B820A083-FD72-4741-84E8-E307BFC6FB96}.Debug|iPhone.ActiveCfg = Debug|Any CPU
		{B820A083-FD72-4741-84E8-E307BFC6FB96}.Debug|iPhone.Build.0 = Debug|Any CPU
		{B820A083-FD72-4741-84E8-E307BFC6FB96}.Debug|iPhone.Deploy.0 = Debug|Any CPU
		{B820A083-FD72-4741-84E8-E307BFC6FB96}.Debug|iPhoneSimulator.ActiveCfg = Debug|Any CPU
		{B820A083-FD72-4741-84E8-E307BFC6FB96}.Debug|iPhoneSimulator.Build.0 = Debug|Any CPU
		{B820A083-FD72-4741-84E8-E307BFC6FB96}.Debug|iPhoneSimulator.Deploy.0 = Debug|Any CPU
		{B820A083-FD72-4741-84E8-E307BFC6FB96}.Debug|x64.ActiveCfg = Debug|Any CPU
		{B820A083-FD72-4741-84E8-E307BFC6FB96}.Debug|x64.Build.0 = Debug|Any CPU
		{B820A083-FD72-4741-84E8-E307BFC6FB96}.Debug|x64.Deploy.0 = Debug|Any CPU
		{B820A083-FD72-4741-84E8-E307BFC6FB96}.Debug|x86.ActiveCfg = Debug|x86
		{B820A083-FD72-4741-84E8-E307BFC6FB96}.Debug|x86.Build.0 = Debug|x86
		{B820A083-FD72-4741-84E8-E307BFC6FB96}.Debug|x86.Deploy.0 = Debug|x86
		{B820A083-FD72-4741-84E8-E307BFC6FB96}.Release|Any CPU.ActiveCfg = Release|Any CPU
		{B820A083-FD72-4741-84E8-E307BFC6FB96}.Release|Any CPU.Build.0 = Release|Any CPU
		{B820A083-FD72-4741-84E8-E307BFC6FB96}.Release|Any CPU.Deploy.0 = Release|Any CPU
		{B820A083-FD72-4741-84E8-E307BFC6FB96}.Release|ARM.ActiveCfg = Release|ARM
		{B820A083-FD72-4741-84E8-E307BFC6FB96}.Release|ARM.Build.0 = Release|ARM
		{B820A083-FD72-4741-84E8-E307BFC6FB96}.Release|ARM.Deploy.0 = Release|ARM
		{B820A083-FD72-4741-84E8-E307BFC6FB96}.Release|iPhone.ActiveCfg = Release|Any CPU
		{B820A083-FD72-4741-84E8-E307BFC6FB96}.Release|iPhone.Build.0 = Release|Any CPU
		{B820A083-FD72-4741-84E8-E307BFC6FB96}.Release|iPhone.Deploy.0 = Release|Any CPU
		{B820A083-FD72-4741-84E8-E307BFC6FB96}.Release|iPhoneSimulator.ActiveCfg = Release|Any CPU
		{B820A083-FD72-4741-84E8-E307BFC6FB96}.Release|iPhoneSimulator.Build.0 = Release|Any CPU
		{B820A083-FD72-4741-84E8-E307BFC6FB96}.Release|iPhoneSimulator.Deploy.0 = Release|Any CPU
		{B820A083-FD72-4741-84E8-E307BFC6FB96}.Release|x64.ActiveCfg = Release|Any CPU
		{B820A083-FD72-4741-84E8-E307BFC6FB96}.Release|x64.Build.0 = Release|Any CPU
		{B820A083-FD72-4741-84E8-E307BFC6FB96}.Release|x64.Deploy.0 = Release|Any CPU
		{B820A083-FD72-4741-84E8-E307BFC6FB96}.Release|x86.ActiveCfg = Release|x86
		{B820A083-FD72-4741-84E8-E307BFC6FB96}.Release|x86.Build.0 = Release|x86
		{B820A083-FD72-4741-84E8-E307BFC6FB96}.Release|x86.Deploy.0 = Release|x86
		{CF614DD7-D70A-456C-B587-136A6901979A}.Ad-Hoc|Any CPU.ActiveCfg = Release|x86
		{CF614DD7-D70A-456C-B587-136A6901979A}.Ad-Hoc|Any CPU.Build.0 = Release|x86
		{CF614DD7-D70A-456C-B587-136A6901979A}.Ad-Hoc|Any CPU.Deploy.0 = Release|x86
		{CF614DD7-D70A-456C-B587-136A6901979A}.Ad-Hoc|ARM.ActiveCfg = Release|ARM
		{CF614DD7-D70A-456C-B587-136A6901979A}.Ad-Hoc|ARM.Build.0 = Release|ARM
		{CF614DD7-D70A-456C-B587-136A6901979A}.Ad-Hoc|ARM.Deploy.0 = Release|ARM
		{CF614DD7-D70A-456C-B587-136A6901979A}.Ad-Hoc|iPhone.ActiveCfg = Release|x86
		{CF614DD7-D70A-456C-B587-136A6901979A}.Ad-Hoc|iPhone.Build.0 = Release|x86
		{CF614DD7-D70A-456C-B587-136A6901979A}.Ad-Hoc|iPhone.Deploy.0 = Release|x86
		{CF614DD7-D70A-456C-B587-136A6901979A}.Ad-Hoc|iPhoneSimulator.ActiveCfg = Release|x86
		{CF614DD7-D70A-456C-B587-136A6901979A}.Ad-Hoc|iPhoneSimulator.Build.0 = Release|x86
		{CF614DD7-D70A-456C-B587-136A6901979A}.Ad-Hoc|iPhoneSimulator.Deploy.0 = Release|x86
		{CF614DD7-D70A-456C-B587-136A6901979A}.Ad-Hoc|x64.ActiveCfg = Release|x64
		{CF614DD7-D70A-456C-B587-136A6901979A}.Ad-Hoc|x64.Build.0 = Release|x64
		{CF614DD7-D70A-456C-B587-136A6901979A}.Ad-Hoc|x64.Deploy.0 = Release|x64
		{CF614DD7-D70A-456C-B587-136A6901979A}.Ad-Hoc|x86.ActiveCfg = Release|x86
		{CF614DD7-D70A-456C-B587-136A6901979A}.Ad-Hoc|x86.Build.0 = Release|x86
		{CF614DD7-D70A-456C-B587-136A6901979A}.Ad-Hoc|x86.Deploy.0 = Release|x86
		{CF614DD7-D70A-456C-B587-136A6901979A}.AppStore|Any CPU.ActiveCfg = Release|x86
		{CF614DD7-D70A-456C-B587-136A6901979A}.AppStore|Any CPU.Build.0 = Release|x86
		{CF614DD7-D70A-456C-B587-136A6901979A}.AppStore|Any CPU.Deploy.0 = Release|x86
		{CF614DD7-D70A-456C-B587-136A6901979A}.AppStore|ARM.ActiveCfg = Release|ARM
		{CF614DD7-D70A-456C-B587-136A6901979A}.AppStore|ARM.Build.0 = Release|ARM
		{CF614DD7-D70A-456C-B587-136A6901979A}.AppStore|ARM.Deploy.0 = Release|ARM
		{CF614DD7-D70A-456C-B587-136A6901979A}.AppStore|iPhone.ActiveCfg = Release|x86
		{CF614DD7-D70A-456C-B587-136A6901979A}.AppStore|iPhone.Build.0 = Release|x86
		{CF614DD7-D70A-456C-B587-136A6901979A}.AppStore|iPhone.Deploy.0 = Release|x86
		{CF614DD7-D70A-456C-B587-136A6901979A}.AppStore|iPhoneSimulator.ActiveCfg = Release|x86
		{CF614DD7-D70A-456C-B587-136A6901979A}.AppStore|iPhoneSimulator.Build.0 = Release|x86
		{CF614DD7-D70A-456C-B587-136A6901979A}.AppStore|iPhoneSimulator.Deploy.0 = Release|x86
		{CF614DD7-D70A-456C-B587-136A6901979A}.AppStore|x64.ActiveCfg = Release|x64
		{CF614DD7-D70A-456C-B587-136A6901979A}.AppStore|x64.Build.0 = Release|x64
		{CF614DD7-D70A-456C-B587-136A6901979A}.AppStore|x64.Deploy.0 = Release|x64
		{CF614DD7-D70A-456C-B587-136A6901979A}.AppStore|x86.ActiveCfg = Release|x86
		{CF614DD7-D70A-456C-B587-136A6901979A}.AppStore|x86.Build.0 = Release|x86
		{CF614DD7-D70A-456C-B587-136A6901979A}.AppStore|x86.Deploy.0 = Release|x86
		{CF614DD7-D70A-456C-B587-136A6901979A}.Debug|Any CPU.ActiveCfg = Debug|x86
		{CF614DD7-D70A-456C-B587-136A6901979A}.Debug|ARM.ActiveCfg = Debug|ARM
		{CF614DD7-D70A-456C-B587-136A6901979A}.Debug|ARM.Build.0 = Debug|ARM
		{CF614DD7-D70A-456C-B587-136A6901979A}.Debug|ARM.Deploy.0 = Debug|ARM
		{CF614DD7-D70A-456C-B587-136A6901979A}.Debug|iPhone.ActiveCfg = Debug|x86
		{CF614DD7-D70A-456C-B587-136A6901979A}.Debug|iPhoneSimulator.ActiveCfg = Debug|x86
		{CF614DD7-D70A-456C-B587-136A6901979A}.Debug|x64.ActiveCfg = Debug|x64
		{CF614DD7-D70A-456C-B587-136A6901979A}.Debug|x64.Build.0 = Debug|x64
		{CF614DD7-D70A-456C-B587-136A6901979A}.Debug|x64.Deploy.0 = Debug|x64
		{CF614DD7-D70A-456C-B587-136A6901979A}.Debug|x86.ActiveCfg = Debug|x86
		{CF614DD7-D70A-456C-B587-136A6901979A}.Debug|x86.Build.0 = Debug|x86
		{CF614DD7-D70A-456C-B587-136A6901979A}.Debug|x86.Deploy.0 = Debug|x86
		{CF614DD7-D70A-456C-B587-136A6901979A}.Release|Any CPU.ActiveCfg = Release|x86
		{CF614DD7-D70A-456C-B587-136A6901979A}.Release|ARM.ActiveCfg = Release|ARM
		{CF614DD7-D70A-456C-B587-136A6901979A}.Release|ARM.Build.0 = Release|ARM
		{CF614DD7-D70A-456C-B587-136A6901979A}.Release|ARM.Deploy.0 = Release|ARM
		{CF614DD7-D70A-456C-B587-136A6901979A}.Release|iPhone.ActiveCfg = Release|x86
		{CF614DD7-D70A-456C-B587-136A6901979A}.Release|iPhoneSimulator.ActiveCfg = Release|x86
		{CF614DD7-D70A-456C-B587-136A6901979A}.Release|x64.ActiveCfg = Release|x64
		{CF614DD7-D70A-456C-B587-136A6901979A}.Release|x64.Build.0 = Release|x64
		{CF614DD7-D70A-456C-B587-136A6901979A}.Release|x64.Deploy.0 = Release|x64
		{CF614DD7-D70A-456C-B587-136A6901979A}.Release|x86.ActiveCfg = Release|x86
		{CF614DD7-D70A-456C-B587-136A6901979A}.Release|x86.Build.0 = Release|x86
		{CF614DD7-D70A-456C-B587-136A6901979A}.Release|x86.Deploy.0 = Release|x86
		{EE2277F3-C80C-4EDC-ABDE-17001CEBC874}.Ad-Hoc|Any CPU.ActiveCfg = Release|Any CPU
		{EE2277F3-C80C-4EDC-ABDE-17001CEBC874}.Ad-Hoc|Any CPU.Build.0 = Release|Any CPU
		{EE2277F3-C80C-4EDC-ABDE-17001CEBC874}.Ad-Hoc|Any CPU.Deploy.0 = Release|Any CPU
		{EE2277F3-C80C-4EDC-ABDE-17001CEBC874}.Ad-Hoc|ARM.ActiveCfg = Release|ARM
		{EE2277F3-C80C-4EDC-ABDE-17001CEBC874}.Ad-Hoc|ARM.Build.0 = Release|ARM
		{EE2277F3-C80C-4EDC-ABDE-17001CEBC874}.Ad-Hoc|ARM.Deploy.0 = Release|ARM
		{EE2277F3-C80C-4EDC-ABDE-17001CEBC874}.Ad-Hoc|iPhone.ActiveCfg = Release|Any CPU
		{EE2277F3-C80C-4EDC-ABDE-17001CEBC874}.Ad-Hoc|iPhone.Build.0 = Release|Any CPU
		{EE2277F3-C80C-4EDC-ABDE-17001CEBC874}.Ad-Hoc|iPhone.Deploy.0 = Release|Any CPU
		{EE2277F3-C80C-4EDC-ABDE-17001CEBC874}.Ad-Hoc|iPhoneSimulator.ActiveCfg = Release|Any CPU
		{EE2277F3-C80C-4EDC-ABDE-17001CEBC874}.Ad-Hoc|iPhoneSimulator.Build.0 = Release|Any CPU
		{EE2277F3-C80C-4EDC-ABDE-17001CEBC874}.Ad-Hoc|iPhoneSimulator.Deploy.0 = Release|Any CPU
		{EE2277F3-C80C-4EDC-ABDE-17001CEBC874}.Ad-Hoc|x64.ActiveCfg = Release|x64
		{EE2277F3-C80C-4EDC-ABDE-17001CEBC874}.Ad-Hoc|x64.Build.0 = Release|x64
		{EE2277F3-C80C-4EDC-ABDE-17001CEBC874}.Ad-Hoc|x64.Deploy.0 = Release|x64
		{EE2277F3-C80C-4EDC-ABDE-17001CEBC874}.Ad-Hoc|x86.ActiveCfg = Release|x86
		{EE2277F3-C80C-4EDC-ABDE-17001CEBC874}.Ad-Hoc|x86.Build.0 = Release|x86
		{EE2277F3-C80C-4EDC-ABDE-17001CEBC874}.Ad-Hoc|x86.Deploy.0 = Release|x86
		{EE2277F3-C80C-4EDC-ABDE-17001CEBC874}.AppStore|Any CPU.ActiveCfg = Release|Any CPU
		{EE2277F3-C80C-4EDC-ABDE-17001CEBC874}.AppStore|Any CPU.Build.0 = Release|Any CPU
		{EE2277F3-C80C-4EDC-ABDE-17001CEBC874}.AppStore|Any CPU.Deploy.0 = Release|Any CPU
		{EE2277F3-C80C-4EDC-ABDE-17001CEBC874}.AppStore|ARM.ActiveCfg = Release|ARM
		{EE2277F3-C80C-4EDC-ABDE-17001CEBC874}.AppStore|ARM.Build.0 = Release|ARM
		{EE2277F3-C80C-4EDC-ABDE-17001CEBC874}.AppStore|ARM.Deploy.0 = Release|ARM
		{EE2277F3-C80C-4EDC-ABDE-17001CEBC874}.AppStore|iPhone.ActiveCfg = Release|Any CPU
		{EE2277F3-C80C-4EDC-ABDE-17001CEBC874}.AppStore|iPhone.Build.0 = Release|Any CPU
		{EE2277F3-C80C-4EDC-ABDE-17001CEBC874}.AppStore|iPhone.Deploy.0 = Release|Any CPU
		{EE2277F3-C80C-4EDC-ABDE-17001CEBC874}.AppStore|iPhoneSimulator.ActiveCfg = Release|Any CPU
		{EE2277F3-C80C-4EDC-ABDE-17001CEBC874}.AppStore|iPhoneSimulator.Build.0 = Release|Any CPU
		{EE2277F3-C80C-4EDC-ABDE-17001CEBC874}.AppStore|iPhoneSimulator.Deploy.0 = Release|Any CPU
		{EE2277F3-C80C-4EDC-ABDE-17001CEBC874}.AppStore|x64.ActiveCfg = Release|x64
		{EE2277F3-C80C-4EDC-ABDE-17001CEBC874}.AppStore|x64.Build.0 = Release|x64
		{EE2277F3-C80C-4EDC-ABDE-17001CEBC874}.AppStore|x64.Deploy.0 = Release|x64
		{EE2277F3-C80C-4EDC-ABDE-17001CEBC874}.AppStore|x86.ActiveCfg = Release|x86
		{EE2277F3-C80C-4EDC-ABDE-17001CEBC874}.AppStore|x86.Build.0 = Release|x86
		{EE2277F3-C80C-4EDC-ABDE-17001CEBC874}.AppStore|x86.Deploy.0 = Release|x86
		{EE2277F3-C80C-4EDC-ABDE-17001CEBC874}.Debug|Any CPU.ActiveCfg = Debug|Any CPU
		{EE2277F3-C80C-4EDC-ABDE-17001CEBC874}.Debug|Any CPU.Build.0 = Debug|Any CPU
		{EE2277F3-C80C-4EDC-ABDE-17001CEBC874}.Debug|Any CPU.Deploy.0 = Debug|Any CPU
		{EE2277F3-C80C-4EDC-ABDE-17001CEBC874}.Debug|ARM.ActiveCfg = Debug|ARM
		{EE2277F3-C80C-4EDC-ABDE-17001CEBC874}.Debug|ARM.Build.0 = Debug|ARM
		{EE2277F3-C80C-4EDC-ABDE-17001CEBC874}.Debug|ARM.Deploy.0 = Debug|ARM
		{EE2277F3-C80C-4EDC-ABDE-17001CEBC874}.Debug|iPhone.ActiveCfg = Debug|Any CPU
		{EE2277F3-C80C-4EDC-ABDE-17001CEBC874}.Debug|iPhone.Build.0 = Debug|Any CPU
		{EE2277F3-C80C-4EDC-ABDE-17001CEBC874}.Debug|iPhone.Deploy.0 = Debug|Any CPU
		{EE2277F3-C80C-4EDC-ABDE-17001CEBC874}.Debug|iPhoneSimulator.ActiveCfg = Debug|Any CPU
		{EE2277F3-C80C-4EDC-ABDE-17001CEBC874}.Debug|iPhoneSimulator.Build.0 = Debug|Any CPU
		{EE2277F3-C80C-4EDC-ABDE-17001CEBC874}.Debug|iPhoneSimulator.Deploy.0 = Debug|Any CPU
		{EE2277F3-C80C-4EDC-ABDE-17001CEBC874}.Debug|x64.ActiveCfg = Debug|x64
		{EE2277F3-C80C-4EDC-ABDE-17001CEBC874}.Debug|x64.Build.0 = Debug|x64
		{EE2277F3-C80C-4EDC-ABDE-17001CEBC874}.Debug|x64.Deploy.0 = Debug|x64
		{EE2277F3-C80C-4EDC-ABDE-17001CEBC874}.Debug|x86.ActiveCfg = Debug|x86
		{EE2277F3-C80C-4EDC-ABDE-17001CEBC874}.Debug|x86.Build.0 = Debug|x86
		{EE2277F3-C80C-4EDC-ABDE-17001CEBC874}.Debug|x86.Deploy.0 = Debug|x86
		{EE2277F3-C80C-4EDC-ABDE-17001CEBC874}.Release|Any CPU.ActiveCfg = Release|Any CPU
		{EE2277F3-C80C-4EDC-ABDE-17001CEBC874}.Release|Any CPU.Build.0 = Release|Any CPU
		{EE2277F3-C80C-4EDC-ABDE-17001CEBC874}.Release|Any CPU.Deploy.0 = Release|Any CPU
		{EE2277F3-C80C-4EDC-ABDE-17001CEBC874}.Release|ARM.ActiveCfg = Release|ARM
		{EE2277F3-C80C-4EDC-ABDE-17001CEBC874}.Release|ARM.Build.0 = Release|ARM
		{EE2277F3-C80C-4EDC-ABDE-17001CEBC874}.Release|ARM.Deploy.0 = Release|ARM
		{EE2277F3-C80C-4EDC-ABDE-17001CEBC874}.Release|iPhone.ActiveCfg = Release|Any CPU
		{EE2277F3-C80C-4EDC-ABDE-17001CEBC874}.Release|iPhone.Build.0 = Release|Any CPU
		{EE2277F3-C80C-4EDC-ABDE-17001CEBC874}.Release|iPhone.Deploy.0 = Release|Any CPU
		{EE2277F3-C80C-4EDC-ABDE-17001CEBC874}.Release|iPhoneSimulator.ActiveCfg = Release|Any CPU
		{EE2277F3-C80C-4EDC-ABDE-17001CEBC874}.Release|iPhoneSimulator.Build.0 = Release|Any CPU
		{EE2277F3-C80C-4EDC-ABDE-17001CEBC874}.Release|iPhoneSimulator.Deploy.0 = Release|Any CPU
		{EE2277F3-C80C-4EDC-ABDE-17001CEBC874}.Release|x64.ActiveCfg = Release|x64
		{EE2277F3-C80C-4EDC-ABDE-17001CEBC874}.Release|x64.Build.0 = Release|x64
		{EE2277F3-C80C-4EDC-ABDE-17001CEBC874}.Release|x64.Deploy.0 = Release|x64
		{EE2277F3-C80C-4EDC-ABDE-17001CEBC874}.Release|x86.ActiveCfg = Release|x86
		{EE2277F3-C80C-4EDC-ABDE-17001CEBC874}.Release|x86.Build.0 = Release|x86
		{EE2277F3-C80C-4EDC-ABDE-17001CEBC874}.Release|x86.Deploy.0 = Release|x86
	EndGlobalSection
	GlobalSection(SolutionProperties) = preSolution
		HideSolutionNode = FALSE
	EndGlobalSection
EndGlobal
